
Microsoft Visual Studio Solution File, Format Version 12.00
# Visual Studio Version 16
VisualStudioVersion = 16.0.31702.278
MinimumVisualStudioVersion = 10.0.40219.1
Project("{FAE04EC0-301F-11D3-BF4B-00C04F79EFBC}") = "ucakBiletRezervasyon", "ucakBiletRezervasyon\ucakBiletRezervasyon.csproj", "{2360BB28-149E-464E-A54A-628FCD372DEE}"
EndProject
Global
	GlobalSection(SolutionConfigurationPlatforms) = preSolution
		Debug|Any CPU = Debug|Any CPU
		Release|Any CPU = Release|Any CPU
	EndGlobalSection
	GlobalSection(ProjectConfigurationPlatforms) = postSolution
		{2360BB28-149E-464E-A54A-628FCD372DEE}.Debug|Any CPU.ActiveCfg = Debug|Any CPU
		{2360BB28-149E-464E-A54A-628FCD372DEE}.Debug|Any CPU.Build.0 = Debug|Any CPU
		{2360BB28-149E-464E-A54A-628FCD372DEE}.Release|Any CPU.ActiveCfg = Release|Any CPU
		{2360BB28-149E-464E-A54A-628FCD372DEE}.Release|Any CPU.Build.0 = Release|Any CPU
	EndGlobalSection
	GlobalSection(SolutionProperties) = preSolution
		HideSolutionNode = FALSE
	EndGlobalSection
	GlobalSection(ExtensibilityGlobals) = postSolution
		SolutionGuid = {C290C71F-E598-48CC-BB04-724D6DC983EE}
	EndGlobalSection
EndGlobal
